
Microsoft Visual Studio Solution File, Format Version 12.00
# Visual Studio Version 17
VisualStudioVersion = 17.13.35825.156 d17.13
MinimumVisualStudioVersion = 10.0.40219.1
Project("{FAE04EC0-301F-11D3-BF4B-00C04F79EFBC}") = "PhysicsProjectTest", "PhysicsProjectTest.csproj", "{5374E557-2768-4E2E-A92A-D5B64B6B3A7C}"
EndProject
Global
	GlobalSection(SolutionConfigurationPlatforms) = preSolution
		Debug|Any CPU = Debug|Any CPU
		Release|Any CPU = Release|Any CPU
	EndGlobalSection
	GlobalSection(ProjectConfigurationPlatforms) = postSolution
		{5374E557-2768-4E2E-A92A-D5B64B6B3A7C}.Debug|Any CPU.ActiveCfg = Debug|Any CPU
		{5374E557-2768-4E2E-A92A-D5B64B6B3A7C}.Debug|Any CPU.Build.0 = Debug|Any CPU
		{5374E557-2768-4E2E-A92A-D5B64B6B3A7C}.Release|Any CPU.ActiveCfg = Release|Any CPU
		{5374E557-2768-4E2E-A92A-D5B64B6B3A7C}.Release|Any CPU.Build.0 = Release|Any CPU
	EndGlobalSection
	GlobalSection(SolutionProperties) = preSolution
		HideSolutionNode = FALSE
	EndGlobalSection
	GlobalSection(ExtensibilityGlobals) = postSolution
		SolutionGuid = {12FE524F-3B3C-4A9A-A712-7DA0CDAE255B}
	EndGlobalSection
EndGlobal
